
Microsoft Visual Studio Solution File, Format Version 12.00
# Visual Studio Version 16
VisualStudioVersion = 16.0.31729.503
MinimumVisualStudioVersion = 10.0.40219.1
Project("{FAE04EC0-301F-11D3-BF4B-00C04F79EFBC}") = "Server", "ConsoleApp1\Server.csproj", "{A5D494C0-B3DB-4736-BDE9-FBBB055EB15A}"
EndProject
Global
	GlobalSection(SolutionConfigurationPlatforms) = preSolution
		Debug|Any CPU = Debug|Any CPU
		Release|Any CPU = Release|Any CPU
	EndGlobalSection
	GlobalSection(ProjectConfigurationPlatforms) = postSolution
		{A5D494C0-B3DB-4736-BDE9-FBBB055EB15A}.Debug|Any CPU.ActiveCfg = Debug|Any CPU
		{A5D494C0-B3DB-4736-BDE9-FBBB055EB15A}.Debug|Any CPU.Build.0 = Debug|Any CPU
		{A5D494C0-B3DB-4736-BDE9-FBBB055EB15A}.Release|Any CPU.ActiveCfg = Release|Any CPU
		{A5D494C0-B3DB-4736-BDE9-FBBB055EB15A}.Release|Any CPU.Build.0 = Release|Any CPU
	EndGlobalSection
	GlobalSection(SolutionProperties) = preSolution
		HideSolutionNode = FALSE
	EndGlobalSection
	GlobalSection(ExtensibilityGlobals) = postSolution
		SolutionGuid = {188030C3-B4B2-4C93-8BE5-52B7222DEAF3}
	EndGlobalSection
EndGlobal
